
Microsoft Visual Studio Solution File, Format Version 12.00
# Visual Studio 15
VisualStudioVersion = 15.0.26730.16
MinimumVisualStudioVersion = 10.0.40219.1
Project("{FAE04EC0-301F-11D3-BF4B-00C04F79EFBC}") = "BSolutions.Bocons", "BSolutions.Bocons\BSolutions.Bocons.csproj", "{904F263A-E662-4B3A-9419-3AF2FBB9A251}"
EndProject
Project("{FAE04EC0-301F-11D3-BF4B-00C04F79EFBC}") = "BSolutions.Bocons.Test", "BSolutions.Bocons.Test\BSolutions.Bocons.Test.csproj", "{FF1E5D56-88A1-4737-BF88-15B186A5CB41}"
EndProject
Global
	GlobalSection(SolutionConfigurationPlatforms) = preSolution
		Debug|Any CPU = Debug|Any CPU
		Release|Any CPU = Release|Any CPU
	EndGlobalSection
	GlobalSection(ProjectConfigurationPlatforms) = postSolution
		{904F263A-E662-4B3A-9419-3AF2FBB9A251}.Debug|Any CPU.ActiveCfg = Debug|Any CPU
		{904F263A-E662-4B3A-9419-3AF2FBB9A251}.Debug|Any CPU.Build.0 = Debug|Any CPU
		{904F263A-E662-4B3A-9419-3AF2FBB9A251}.Release|Any CPU.ActiveCfg = Release|Any CPU
		{904F263A-E662-4B3A-9419-3AF2FBB9A251}.Release|Any CPU.Build.0 = Release|Any CPU
		{FF1E5D56-88A1-4737-BF88-15B186A5CB41}.Debug|Any CPU.ActiveCfg = Debug|Any CPU
		{FF1E5D56-88A1-4737-BF88-15B186A5CB41}.Debug|Any CPU.Build.0 = Debug|Any CPU
		{FF1E5D56-88A1-4737-BF88-15B186A5CB41}.Release|Any CPU.ActiveCfg = Release|Any CPU
		{FF1E5D56-88A1-4737-BF88-15B186A5CB41}.Release|Any CPU.Build.0 = Release|Any CPU
	EndGlobalSection
	GlobalSection(SolutionProperties) = preSolution
		HideSolutionNode = FALSE
	EndGlobalSection
	GlobalSection(ExtensibilityGlobals) = postSolution
		SolutionGuid = {337AFD5B-5386-407E-819D-6DFA3721B19E}
	EndGlobalSection
EndGlobal
